// !$*UTF8*$!
{
	archiveVersion = 1;
	classes = {
	};
	objectVersion = 51;
	objects = {

/* Begin PBXBuildFile section */
		4366E901A8863F921BDA6EF2 /* Pods_PreInterCorp.framework in Frameworks */ = {isa = PBXBuildFile; fileRef = AB1B44D7392C6F08190F7992 /* Pods_PreInterCorp.framework */; };
		6611C848267827370026D986 /* GoogleService-Info.plist in Resources */ = {isa = PBXBuildFile; fileRef = 6611C847267827370026D986 /* GoogleService-Info.plist */; };
		6611C84A267855C00026D986 /* SMSLoginViewController.swift in Sources */ = {isa = PBXBuildFile; fileRef = 6611C849267855C00026D986 /* SMSLoginViewController.swift */; };
		6611C84E26786B440026D986 /* RegistrationViewController.swift in Sources */ = {isa = PBXBuildFile; fileRef = 6611C84D26786B440026D986 /* RegistrationViewController.swift */; };
		663C55E32679787E00E31AA9 /* IntercorpChallengeViewController.swift in Sources */ = {isa = PBXBuildFile; fileRef = 663C55E22679787E00E31AA9 /* IntercorpChallengeViewController.swift */; };
		663C55E5267978E000E31AA9 /* IntercorpChallengeView.swift in Sources */ = {isa = PBXBuildFile; fileRef = 663C55E4267978E000E31AA9 /* IntercorpChallengeView.swift */; };
		663C55E9267979E200E31AA9 /* LoginView.swift in Sources */ = {isa = PBXBuildFile; fileRef = 663C55E8267979E200E31AA9 /* LoginView.swift */; };
		663C55EB26797E5D00E31AA9 /* SMSLoginView.swift in Sources */ = {isa = PBXBuildFile; fileRef = 663C55EA26797E5D00E31AA9 /* SMSLoginView.swift */; };
		663C55F02679841500E31AA9 /* User.swift in Sources */ = {isa = PBXBuildFile; fileRef = 663C55EF2679841500E31AA9 /* User.swift */; };
		663C55F22679844B00E31AA9 /* RegistrationView.swift in Sources */ = {isa = PBXBuildFile; fileRef = 663C55F12679844B00E31AA9 /* RegistrationView.swift */; };
		663C55F526798B7A00E31AA9 /* AuthenticatorProvider.swift in Sources */ = {isa = PBXBuildFile; fileRef = 663C55F426798B7A00E31AA9 /* AuthenticatorProvider.swift */; };
		66CB5B0426778E0000F2D116 /* AppDelegate.swift in Sources */ = {isa = PBXBuildFile; fileRef = 66CB5B0326778E0000F2D116 /* AppDelegate.swift */; };
		66CB5B0626778E0000F2D116 /* SceneDelegate.swift in Sources */ = {isa = PBXBuildFile; fileRef = 66CB5B0526778E0000F2D116 /* SceneDelegate.swift */; };
		66CB5B0826778E0000F2D116 /* LoginViewController.swift in Sources */ = {isa = PBXBuildFile; fileRef = 66CB5B0726778E0000F2D116 /* LoginViewController.swift */; };
		66CB5B0D26778E0100F2D116 /* Assets.xcassets in Resources */ = {isa = PBXBuildFile; fileRef = 66CB5B0C26778E0100F2D116 /* Assets.xcassets */; };
		66CB5B1026778E0100F2D116 /* LaunchScreen.storyboard in Resources */ = {isa = PBXBuildFile; fileRef = 66CB5B0E26778E0100F2D116 /* LaunchScreen.storyboard */; };
/* End PBXBuildFile section */

/* Begin PBXFileReference section */
		046952FEA10CEAD8CCA6391C /* Pods-PreInterCorp.release.xcconfig */ = {isa = PBXFileReference; includeInIndex = 1; lastKnownFileType = text.xcconfig; name = "Pods-PreInterCorp.release.xcconfig"; path = "Target Support Files/Pods-PreInterCorp/Pods-PreInterCorp.release.xcconfig"; sourceTree = "<group>"; };
		3313D5151C0BE8C541B84968 /* Pods-PreInterCorp.debug.xcconfig */ = {isa = PBXFileReference; includeInIndex = 1; lastKnownFileType = text.xcconfig; name = "Pods-PreInterCorp.debug.xcconfig"; path = "Target Support Files/Pods-PreInterCorp/Pods-PreInterCorp.debug.xcconfig"; sourceTree = "<group>"; };
		6611C847267827370026D986 /* GoogleService-Info.plist */ = {isa = PBXFileReference; fileEncoding = 4; lastKnownFileType = text.plist.xml; path = "GoogleService-Info.plist"; sourceTree = "<group>"; };
		6611C849267855C00026D986 /* SMSLoginViewController.swift */ = {isa = PBXFileReference; lastKnownFileType = sourcecode.swift; path = SMSLoginViewController.swift; sourceTree = "<group>"; };
		6611C84D26786B440026D986 /* RegistrationViewController.swift */ = {isa = PBXFileReference; lastKnownFileType = sourcecode.swift; path = RegistrationViewController.swift; sourceTree = "<group>"; };
		663C55E22679787E00E31AA9 /* IntercorpChallengeViewController.swift */ = {isa = PBXFileReference; lastKnownFileType = sourcecode.swift; path = IntercorpChallengeViewController.swift; sourceTree = "<group>"; };
		663C55E4267978E000E31AA9 /* IntercorpChallengeView.swift */ = {isa = PBXFileReference; lastKnownFileType = sourcecode.swift; path = IntercorpChallengeView.swift; sourceTree = "<group>"; };
		663C55E8267979E200E31AA9 /* LoginView.swift */ = {isa = PBXFileReference; lastKnownFileType = sourcecode.swift; path = LoginView.swift; sourceTree = "<group>"; };
		663C55EA26797E5D00E31AA9 /* SMSLoginView.swift */ = {isa = PBXFileReference; lastKnownFileType = sourcecode.swift; path = SMSLoginView.swift; sourceTree = "<group>"; };
		663C55EF2679841500E31AA9 /* User.swift */ = {isa = PBXFileReference; lastKnownFileType = sourcecode.swift; path = User.swift; sourceTree = "<group>"; };
		663C55F12679844B00E31AA9 /* RegistrationView.swift */ = {isa = PBXFileReference; lastKnownFileType = sourcecode.swift; path = RegistrationView.swift; sourceTree = "<group>"; };
		663C55F426798B7A00E31AA9 /* AuthenticatorProvider.swift */ = {isa = PBXFileReference; lastKnownFileType = sourcecode.swift; path = AuthenticatorProvider.swift; sourceTree = "<group>"; };
		66CB5B0026778E0000F2D116 /* PreInterCorp.app */ = {isa = PBXFileReference; explicitFileType = wrapper.application; includeInIndex = 0; path = PreInterCorp.app; sourceTree = BUILT_PRODUCTS_DIR; };
		66CB5B0326778E0000F2D116 /* AppDelegate.swift */ = {isa = PBXFileReference; lastKnownFileType = sourcecode.swift; path = AppDelegate.swift; sourceTree = "<group>"; };
		66CB5B0526778E0000F2D116 /* SceneDelegate.swift */ = {isa = PBXFileReference; lastKnownFileType = sourcecode.swift; path = SceneDelegate.swift; sourceTree = "<group>"; };
		66CB5B0726778E0000F2D116 /* LoginViewController.swift */ = {isa = PBXFileReference; lastKnownFileType = sourcecode.swift; path = LoginViewController.swift; sourceTree = "<group>"; };
		66CB5B0C26778E0100F2D116 /* Assets.xcassets */ = {isa = PBXFileReference; lastKnownFileType = folder.assetcatalog; path = Assets.xcassets; sourceTree = "<group>"; };
		66CB5B0F26778E0100F2D116 /* Base */ = {isa = PBXFileReference; lastKnownFileType = file.storyboard; name = Base; path = Base.lproj/LaunchScreen.storyboard; sourceTree = "<group>"; };
		66CB5B1126778E0100F2D116 /* Info.plist */ = {isa = PBXFileReference; lastKnownFileType = text.plist.xml; path = Info.plist; sourceTree = "<group>"; };
		AB1B44D7392C6F08190F7992 /* Pods_PreInterCorp.framework */ = {isa = PBXFileReference; explicitFileType = wrapper.framework; includeInIndex = 0; path = Pods_PreInterCorp.framework; sourceTree = BUILT_PRODUCTS_DIR; };
/* End PBXFileReference section */

/* Begin PBXFrameworksBuildPhase section */
		66CB5AFD26778E0000F2D116 /* Frameworks */ = {
			isa = PBXFrameworksBuildPhase;
			buildActionMask = 2147483647;
			files = (
				4366E901A8863F921BDA6EF2 /* Pods_PreInterCorp.framework in Frameworks */,
			);
			runOnlyForDeploymentPostprocessing = 0;
		};
/* End PBXFrameworksBuildPhase section */

/* Begin PBXGroup section */
		278FFA88A693CBB9B274643F /* Pods */ = {
			isa = PBXGroup;
			children = (
				3313D5151C0BE8C541B84968 /* Pods-PreInterCorp.debug.xcconfig */,
				046952FEA10CEAD8CCA6391C /* Pods-PreInterCorp.release.xcconfig */,
			);
			path = Pods;
			sourceTree = "<group>";
		};
		6611C84B267864B30026D986 /* Login */ = {
			isa = PBXGroup;
			children = (
				663C55E7267979A600E31AA9 /* Views */,
				663C55E62679798D00E31AA9 /* Controllers */,
			);
			path = Login;
			sourceTree = "<group>";
		};
		6611C84C267867D80026D986 /* Registration */ = {
			isa = PBXGroup;
			children = (
				663C55EE2679840400E31AA9 /* Models */,
				663C55ED267983FB00E31AA9 /* Views */,
				663C55EC267983EF00E31AA9 /* Controllers */,
			);
			path = Registration;
			sourceTree = "<group>";
		};
		663C55E1267975DD00E31AA9 /* Common */ = {
			isa = PBXGroup;
			children = (
				663C55E22679787E00E31AA9 /* IntercorpChallengeViewController.swift */,
				663C55E4267978E000E31AA9 /* IntercorpChallengeView.swift */,
			);
			path = Common;
			sourceTree = "<group>";
		};
		663C55E62679798D00E31AA9 /* Controllers */ = {
			isa = PBXGroup;
			children = (
				66CB5B0726778E0000F2D116 /* LoginViewController.swift */,
				6611C849267855C00026D986 /* SMSLoginViewController.swift */,
			);
			path = Controllers;
			sourceTree = "<group>";
		};
		663C55E7267979A600E31AA9 /* Views */ = {
			isa = PBXGroup;
			children = (
				663C55E8267979E200E31AA9 /* LoginView.swift */,
				663C55EA26797E5D00E31AA9 /* SMSLoginView.swift */,
			);
			path = Views;
			sourceTree = "<group>";
		};
		663C55EC267983EF00E31AA9 /* Controllers */ = {
			isa = PBXGroup;
			children = (
				6611C84D26786B440026D986 /* RegistrationViewController.swift */,
			);
			path = Controllers;
			sourceTree = "<group>";
		};
		663C55ED267983FB00E31AA9 /* Views */ = {
			isa = PBXGroup;
			children = (
				663C55F12679844B00E31AA9 /* RegistrationView.swift */,
			);
			path = Views;
			sourceTree = "<group>";
		};
		663C55EE2679840400E31AA9 /* Models */ = {
			isa = PBXGroup;
			children = (
				663C55EF2679841500E31AA9 /* User.swift */,
			);
			path = Models;
			sourceTree = "<group>";
		};
		663C55F326798B6500E31AA9 /* Providers */ = {
			isa = PBXGroup;
			children = (
				663C55F426798B7A00E31AA9 /* AuthenticatorProvider.swift */,
			);
			path = Providers;
			sourceTree = "<group>";
		};
		66CB5AF726778DFF00F2D116 = {
			isa = PBXGroup;
			children = (
				66CB5B0226778E0000F2D116 /* PreInterCorp */,
				66CB5B0126778E0000F2D116 /* Products */,
				278FFA88A693CBB9B274643F /* Pods */,
				D5920AA09492F8C33CE1F124 /* Frameworks */,
			);
			sourceTree = "<group>";
		};
		66CB5B0126778E0000F2D116 /* Products */ = {
			isa = PBXGroup;
			children = (
				66CB5B0026778E0000F2D116 /* PreInterCorp.app */,
			);
			name = Products;
			sourceTree = "<group>";
		};
		66CB5B0226778E0000F2D116 /* PreInterCorp */ = {
			isa = PBXGroup;
			children = (
				663C55F326798B6500E31AA9 /* Providers */,
				663C55E1267975DD00E31AA9 /* Common */,
				6611C84C267867D80026D986 /* Registration */,
				6611C84B267864B30026D986 /* Login */,
				6611C847267827370026D986 /* GoogleService-Info.plist */,
				66CB5B0326778E0000F2D116 /* AppDelegate.swift */,
				66CB5B0526778E0000F2D116 /* SceneDelegate.swift */,
				66CB5B0C26778E0100F2D116 /* Assets.xcassets */,
				66CB5B0E26778E0100F2D116 /* LaunchScreen.storyboard */,
				66CB5B1126778E0100F2D116 /* Info.plist */,
			);
			path = PreInterCorp;
			sourceTree = "<group>";
		};
		D5920AA09492F8C33CE1F124 /* Frameworks */ = {
			isa = PBXGroup;
			children = (
				AB1B44D7392C6F08190F7992 /* Pods_PreInterCorp.framework */,
			);
			name = Frameworks;
			sourceTree = "<group>";
		};
/* End PBXGroup section */

/* Begin PBXNativeTarget section */
		66CB5AFF26778E0000F2D116 /* PreInterCorp */ = {
			isa = PBXNativeTarget;
			buildConfigurationList = 66CB5B1426778E0100F2D116 /* Build configuration list for PBXNativeTarget "PreInterCorp" */;
			buildPhases = (
				A5E177F5BDA533C3B7944142 /* [CP] Check Pods Manifest.lock */,
				66CB5AFC26778E0000F2D116 /* Sources */,
				66CB5AFD26778E0000F2D116 /* Frameworks */,
				66CB5AFE26778E0000F2D116 /* Resources */,
				8672086C6552FA63D3400623 /* [CP] Embed Pods Frameworks */,
			);
			buildRules = (
			);
			dependencies = (
			);
			name = PreInterCorp;
			productName = PreInterCorp;
			productReference = 66CB5B0026778E0000F2D116 /* PreInterCorp.app */;
			productType = "com.apple.product-type.application";
		};
/* End PBXNativeTarget section */

/* Begin PBXProject section */
		66CB5AF826778DFF00F2D116 /* Project object */ = {
			isa = PBXProject;
			attributes = {
				LastSwiftUpdateCheck = 1250;
				LastUpgradeCheck = 1250;
				TargetAttributes = {
					66CB5AFF26778E0000F2D116 = {
						CreatedOnToolsVersion = 12.5;
					};
				};
			};
			buildConfigurationList = 66CB5AFB26778DFF00F2D116 /* Build configuration list for PBXProject "PreInterCorp" */;
			compatibilityVersion = "Xcode 9.3";
			developmentRegion = en;
			hasScannedForEncodings = 0;
			knownRegions = (
				en,
				Base,
			);
			mainGroup = 66CB5AF726778DFF00F2D116;
			productRefGroup = 66CB5B0126778E0000F2D116 /* Products */;
			projectDirPath = "";
			projectRoot = "";
			targets = (
				66CB5AFF26778E0000F2D116 /* PreInterCorp */,
			);
		};
/* End PBXProject section */

/* Begin PBXResourcesBuildPhase section */
		66CB5AFE26778E0000F2D116 /* Resources */ = {
			isa = PBXResourcesBuildPhase;
			buildActionMask = 2147483647;
			files = (
				66CB5B1026778E0100F2D116 /* LaunchScreen.storyboard in Resources */,
				6611C848267827370026D986 /* GoogleService-Info.plist in Resources */,
				66CB5B0D26778E0100F2D116 /* Assets.xcassets in Resources */,
			);
			runOnlyForDeploymentPostprocessing = 0;
		};
/* End PBXResourcesBuildPhase section */

/* Begin PBXShellScriptBuildPhase section */
		8672086C6552FA63D3400623 /* [CP] Embed Pods Frameworks */ = {
			isa = PBXShellScriptBuildPhase;
			buildActionMask = 2147483647;
			files = (
			);
			inputFileListPaths = (
				"${PODS_ROOT}/Target Support Files/Pods-PreInterCorp/Pods-PreInterCorp-frameworks-${CONFIGURATION}-input-files.xcfilelist",
			);
			name = "[CP] Embed Pods Frameworks";
			outputFileListPaths = (
				"${PODS_ROOT}/Target Support Files/Pods-PreInterCorp/Pods-PreInterCorp-frameworks-${CONFIGURATION}-output-files.xcfilelist",
			);
			runOnlyForDeploymentPostprocessing = 0;
			shellPath = /bin/sh;
			shellScript = "\"${PODS_ROOT}/Target Support Files/Pods-PreInterCorp/Pods-PreInterCorp-frameworks.sh\"\n";
			showEnvVarsInLog = 0;
		};
		A5E177F5BDA533C3B7944142 /* [CP] Check Pods Manifest.lock */ = {
			isa = PBXShellScriptBuildPhase;
			buildActionMask = 2147483647;
			files = (
			);
			inputFileListPaths = (
			);
			inputPaths = (
				"${PODS_PODFILE_DIR_PATH}/Podfile.lock",
				"${PODS_ROOT}/Manifest.lock",
			);
			name = "[CP] Check Pods Manifest.lock";
			outputFileListPaths = (
			);
			outputPaths = (
				"$(DERIVED_FILE_DIR)/Pods-PreInterCorp-checkManifestLockResult.txt",
			);
			runOnlyForDeploymentPostprocessing = 0;
			shellPath = /bin/sh;
			shellScript = "diff \"${PODS_PODFILE_DIR_PATH}/Podfile.lock\" \"${PODS_ROOT}/Manifest.lock\" > /dev/null\nif [ $? != 0 ] ; then\n    # print error to STDERR\n    echo \"error: The sandbox is not in sync with the Podfile.lock. Run 'pod install' or update your CocoaPods installation.\" >&2\n    exit 1\nfi\n# This output is used by Xcode 'outputs' to avoid re-running this script phase.\necho \"SUCCESS\" > \"${SCRIPT_OUTPUT_FILE_0}\"\n";
			showEnvVarsInLog = 0;
		};
/* End PBXShellScriptBuildPhase section */

/* Begin PBXSourcesBuildPhase section */
		66CB5AFC26778E0000F2D116 /* Sources */ = {
			isa = PBXSourcesBuildPhase;
			buildActionMask = 2147483647;
			files = (
				663C55F526798B7A00E31AA9 /* AuthenticatorProvider.swift in Sources */,
				663C55F22679844B00E31AA9 /* RegistrationView.swift in Sources */,
				663C55E5267978E000E31AA9 /* IntercorpChallengeView.swift in Sources */,
				66CB5B0826778E0000F2D116 /* LoginViewController.swift in Sources */,
				66CB5B0426778E0000F2D116 /* AppDelegate.swift in Sources */,
				6611C84A267855C00026D986 /* SMSLoginViewController.swift in Sources */,
				663C55EB26797E5D00E31AA9 /* SMSLoginView.swift in Sources */,
				663C55E32679787E00E31AA9 /* IntercorpChallengeViewController.swift in Sources */,
				66CB5B0626778E0000F2D116 /* SceneDelegate.swift in Sources */,
				663C55E9267979E200E31AA9 /* LoginView.swift in Sources */,
				663C55F02679841500E31AA9 /* User.swift in Sources */,
				6611C84E26786B440026D986 /* RegistrationViewController.swift in Sources */,
			);
			runOnlyForDeploymentPostprocessing = 0;
		};
/* End PBXSourcesBuildPhase section */

/* Begin PBXVariantGroup section */
		66CB5B0E26778E0100F2D116 /* LaunchScreen.storyboard */ = {
			isa = PBXVariantGroup;
			children = (
				66CB5B0F26778E0100F2D116 /* Base */,
			);
			name = LaunchScreen.storyboard;
			sourceTree = "<group>";
		};
/* End PBXVariantGroup section */

/* Begin XCBuildConfiguration section */
		66CB5B1226778E0100F2D116 /* Debug */ = {
			isa = XCBuildConfiguration;
			buildSettings = {
				ALWAYS_SEARCH_USER_PATHS = NO;
				CLANG_ANALYZER_NONNULL = YES;
				CLANG_ANALYZER_NUMBER_OBJECT_CONVERSION = YES_AGGRESSIVE;
				CLANG_CXX_LANGUAGE_STANDARD = "gnu++14";
				CLANG_CXX_LIBRARY = "libc++";
				CLANG_ENABLE_MODULES = YES;
				CLANG_ENABLE_OBJC_ARC = YES;
				CLANG_ENABLE_OBJC_WEAK = YES;
				CLANG_WARN_BLOCK_CAPTURE_AUTORELEASING = YES;
				CLANG_WARN_BOOL_CONVERSION = YES;
				CLANG_WARN_COMMA = YES;
				CLANG_WARN_CONSTANT_CONVERSION = YES;
				CLANG_WARN_DEPRECATED_OBJC_IMPLEMENTATIONS = YES;
				CLANG_WARN_DIRECT_OBJC_ISA_USAGE = YES_ERROR;
				CLANG_WARN_DOCUMENTATION_COMMENTS = YES;
				CLANG_WARN_EMPTY_BODY = YES;
				CLANG_WARN_ENUM_CONVERSION = YES;
				CLANG_WARN_INFINITE_RECURSION = YES;
				CLANG_WARN_INT_CONVERSION = YES;
				CLANG_WARN_NON_LITERAL_NULL_CONVERSION = YES;
				CLANG_WARN_OBJC_IMPLICIT_RETAIN_SELF = YES;
				CLANG_WARN_OBJC_LITERAL_CONVERSION = YES;
				CLANG_WARN_OBJC_ROOT_CLASS = YES_ERROR;
				CLANG_WARN_QUOTED_INCLUDE_IN_FRAMEWORK_HEADER = YES;
				CLANG_WARN_RANGE_LOOP_ANALYSIS = YES;
				CLANG_WARN_STRICT_PROTOTYPES = YES;
				CLANG_WARN_SUSPICIOUS_MOVE = YES;
				CLANG_WARN_UNGUARDED_AVAILABILITY = YES_AGGRESSIVE;
				CLANG_WARN_UNREACHABLE_CODE = YES;
				CLANG_WARN__DUPLICATE_METHOD_MATCH = YES;
				COPY_PHASE_STRIP = NO;
				DEBUG_INFORMATION_FORMAT = dwarf;
				ENABLE_STRICT_OBJC_MSGSEND = YES;
				ENABLE_TESTABILITY = YES;
				GCC_C_LANGUAGE_STANDARD = gnu11;
				GCC_DYNAMIC_NO_PIC = NO;
				GCC_NO_COMMON_BLOCKS = YES;
				GCC_OPTIMIZATION_LEVEL = 0;
				GCC_PREPROCESSOR_DEFINITIONS = (
					"DEBUG=1",
					"$(inherited)",
				);
				GCC_WARN_64_TO_32_BIT_CONVERSION = YES;
				GCC_WARN_ABOUT_RETURN_TYPE = YES_ERROR;
				GCC_WARN_UNDECLARED_SELECTOR = YES;
				GCC_WARN_UNINITIALIZED_AUTOS = YES_AGGRESSIVE;
				GCC_WARN_UNUSED_FUNCTION = YES;
				GCC_WARN_UNUSED_VARIABLE = YES;
				IPHONEOS_DEPLOYMENT_TARGET = 14.5;
				MTL_ENABLE_DEBUG_INFO = INCLUDE_SOURCE;
				MTL_FAST_MATH = YES;
				ONLY_ACTIVE_ARCH = YES;
				SDKROOT = iphoneos;
				SWIFT_ACTIVE_COMPILATION_CONDITIONS = DEBUG;
				SWIFT_OPTIMIZATION_LEVEL = "-Onone";
			};
			name = Debug;
		};
		66CB5B1326778E0100F2D116 /* Release */ = {
			isa = XCBuildConfiguration;
			buildSettings = {
				ALWAYS_SEARCH_USER_PATHS = NO;
				CLANG_ANALYZER_NONNULL = YES;
				CLANG_ANALYZER_NUMBER_OBJECT_CONVERSION = YES_AGGRESSIVE;
				CLANG_CXX_LANGUAGE_STANDARD = "gnu++14";
				CLANG_CXX_LIBRARY = "libc++";
				CLANG_ENABLE_MODULES = YES;
				CLANG_ENABLE_OBJC_ARC = YES;
				CLANG_ENABLE_OBJC_WEAK = YES;
				CLANG_WARN_BLOCK_CAPTURE_AUTORELEASING = YES;
				CLANG_WARN_BOOL_CONVERSION = YES;
				CLANG_WARN_COMMA = YES;
				CLANG_WARN_CONSTANT_CONVERSION = YES;
				CLANG_WARN_DEPRECATED_OBJC_IMPLEMENTATIONS = YES;
				CLANG_WARN_DIRECT_OBJC_ISA_USAGE = YES_ERROR;
				CLANG_WARN_DOCUMENTATION_COMMENTS = YES;
				CLANG_WARN_EMPTY_BODY = YES;
				CLANG_WARN_ENUM_CONVERSION = YES;
				CLANG_WARN_INFINITE_RECURSION = YES;
				CLANG_WARN_INT_CONVERSION = YES;
				CLANG_WARN_NON_LITERAL_NULL_CONVERSION = YES;
				CLANG_WARN_OBJC_IMPLICIT_RETAIN_SELF = YES;
				CLANG_WARN_OBJC_LITERAL_CONVERSION = YES;
				CLANG_WARN_OBJC_ROOT_CLASS = YES_ERROR;
				CLANG_WARN_QUOTED_INCLUDE_IN_FRAMEWORK_HEADER = YES;
				CLANG_WARN_RANGE_LOOP_ANALYSIS = YES;
				CLANG_WARN_STRICT_PROTOTYPES = YES;
				CLANG_WARN_SUSPICIOUS_MOVE = YES;
				CLANG_WARN_UNGUARDED_AVAILABILITY = YES_AGGRESSIVE;
				CLANG_WARN_UNREACHABLE_CODE = YES;
				CLANG_WARN__DUPLICATE_METHOD_MATCH = YES;
				COPY_PHASE_STRIP = NO;
				DEBUG_INFORMATION_FORMAT = "dwarf-with-dsym";
				ENABLE_NS_ASSERTIONS = NO;
				ENABLE_STRICT_OBJC_MSGSEND = YES;
				GCC_C_LANGUAGE_STANDARD = gnu11;
				GCC_NO_COMMON_BLOCKS = YES;
				GCC_WARN_64_TO_32_BIT_CONVERSION = YES;
				GCC_WARN_ABOUT_RETURN_TYPE = YES_ERROR;
				GCC_WARN_UNDECLARED_SELECTOR = YES;
				GCC_WARN_UNINITIALIZED_AUTOS = YES_AGGRESSIVE;
				GCC_WARN_UNUSED_FUNCTION = YES;
				GCC_WARN_UNUSED_VARIABLE = YES;
				IPHONEOS_DEPLOYMENT_TARGET = 14.5;
				MTL_ENABLE_DEBUG_INFO = NO;
				MTL_FAST_MATH = YES;
				SDKROOT = iphoneos;
				SWIFT_COMPILATION_MODE = wholemodule;
				SWIFT_OPTIMIZATION_LEVEL = "-O";
				VALIDATE_PRODUCT = YES;
			};
			name = Release;
		};
		66CB5B1526778E0100F2D116 /* Debug */ = {
			isa = XCBuildConfiguration;
			baseConfigurationReference = 3313D5151C0BE8C541B84968 /* Pods-PreInterCorp.debug.xcconfig */;
			buildSettings = {
				ASSETCATALOG_COMPILER_APPICON_NAME = AppIcon;
				ASSETCATALOG_COMPILER_GLOBAL_ACCENT_COLOR_NAME = AccentColor;
				CODE_SIGN_STYLE = Automatic;
				DEVELOPMENT_TEAM = P9225KGPYB;
				INFOPLIST_FILE = PreInterCorp/Info.plist;
				LD_RUNPATH_SEARCH_PATHS = (
					"$(inherited)",
					"@executable_path/Frameworks",
				);
				PRODUCT_BUNDLE_IDENTIFIER = frankTravieso.PreInterCorp;
				PRODUCT_NAME = "$(TARGET_NAME)";
				SWIFT_VERSION = 5.0;
				TARGETED_DEVICE_FAMILY = "1,2";
			};
			name = Debug;
		};
		66CB5B1626778E0100F2D116 /* Release */ = {
			isa = XCBuildConfiguration;
			baseConfigurationReference = 046952FEA10CEAD8CCA6391C /* Pods-PreInterCorp.release.xcconfig */;
			buildSettings = {
				ASSETCATALOG_COMPILER_APPICON_NAME = AppIcon;
				ASSETCATALOG_COMPILER_GLOBAL_ACCENT_COLOR_NAME = AccentColor;
				CODE_SIGN_STYLE = Automatic;
				DEVELOPMENT_TEAM = P9225KGPYB;
				INFOPLIST_FILE = PreInterCorp/Info.plist;
				LD_RUNPATH_SEARCH_PATHS = (
					"$(inherited)",
					"@executable_path/Frameworks",
				);
				PRODUCT_BUNDLE_IDENTIFIER = frankTravieso.PreInterCorp;
				PRODUCT_NAME = "$(TARGET_NAME)";
				SWIFT_VERSION = 5.0;
				TARGETED_DEVICE_FAMILY = "1,2";
			};
			name = Release;
		};
/* End XCBuildConfiguration section */

/* Begin XCConfigurationList section */
		66CB5AFB26778DFF00F2D116 /* Build configuration list for PBXProject "PreInterCorp" */ = {
			isa = XCConfigurationList;
			buildConfigurations = (
				66CB5B1226778E0100F2D116 /* Debug */,
				66CB5B1326778E0100F2D116 /* Release */,
			);
			defaultConfigurationIsVisible = 0;
			defaultConfigurationName = Release;
		};
		66CB5B1426778E0100F2D116 /* Build configuration list for PBXNativeTarget "PreInterCorp" */ = {
			isa = XCConfigurationList;
			buildConfigurations = (
				66CB5B1526778E0100F2D116 /* Debug */,
				66CB5B1626778E0100F2D116 /* Release */,
			);
			defaultConfigurationIsVisible = 0;
			defaultConfigurationName = Release;
		};
/* End XCConfigurationList section */
	};
	rootObject = 66CB5AF826778DFF00F2D116 /* Project object */;
}
